
Microsoft Visual Studio Solution File, Format Version 12.00
# Visual Studio Version 16
VisualStudioVersion = 16.0.32106.194
MinimumVisualStudioVersion = 10.0.40219.1
Project("{8BC9CEB8-8B4A-11D0-8D11-00A0C91BC942}") = "Lab3_1", "Lab3_1\Lab3_1.vcxproj", "{F4813B87-685C-4D39-9881-F90E01601E4E}"
EndProject
Project("{8BC9CEB8-8B4A-11D0-8D11-00A0C91BC942}") = "Lab3_2", "Lab3_2\Lab3_2.vcxproj", "{78D84F14-355B-4BB4-91BA-818DAD9FF9F6}"
EndProject
Project("{8BC9CEB8-8B4A-11D0-8D11-00A0C91BC942}") = "Lab3_3", "Lab3_3\Lab3_3.vcxproj", "{C1CF2D3C-2379-4184-94EE-DBB013402524}"
EndProject
Project("{8BC9CEB8-8B4A-11D0-8D11-00A0C91BC942}") = "Lab4_1", "Lab4_1\Lab4_1.vcxproj", "{C87112E9-6764-44F8-AEA2-29EA99C62D5E}"
EndProject
Project("{8BC9CEB8-8B4A-11D0-8D11-00A0C91BC942}") = "Lab4_2", "Lab4_2\Lab4_2.vcxproj", "{E4457F49-35F7-4455-A80E-3FDD37453471}"
EndProject
Project("{8BC9CEB8-8B4A-11D0-8D11-00A0C91BC942}") = "Lab5_1", "Lab5_1\Lab5_1.vcxproj", "{C43F47F0-06E6-45E2-97F5-126939B5E8D3}"
EndProject
Project("{8BC9CEB8-8B4A-11D0-8D11-00A0C91BC942}") = "Lab5_2_1", "Lab5_2_1\Lab5_2_1.vcxproj", "{9E152926-BF8A-4E93-9F3D-5A68395F4682}"
EndProject
Project("{8BC9CEB8-8B4A-11D0-8D11-00A0C91BC942}") = "Lab5_2_2", "Lab5_2_2\Lab5_2_2.vcxproj", "{C54BE3BA-C35E-45A2-96E4-12BEC71337A4}"
EndProject
Project("{8BC9CEB8-8B4A-11D0-8D11-00A0C91BC942}") = "Lab6_1", "Lab6_1\Lab6_1.vcxproj", "{673272CB-EF38-41B9-9607-430C876C51ED}"
EndProject
Project("{8BC9CEB8-8B4A-11D0-8D11-00A0C91BC942}") = "Lab7_1", "Lab7_1\Lab7_1.vcxproj", "{6D9874A2-ABE4-4181-A004-1730667C59EF}"
EndProject
Project("{8BC9CEB8-8B4A-11D0-8D11-00A0C91BC942}") = "Lab7_2", "Lab7_2\Lab7_2.vcxproj", "{30BAD898-BDA8-4FCF-B07E-C3B1314F8307}"
EndProject
Project("{8BC9CEB8-8B4A-11D0-8D11-00A0C91BC942}") = "Lab8_1", "Lab8_1\Lab8_1.vcxproj", "{5B1274D9-F3A6-47D1-82CC-419A55797B26}"
EndProject
Project("{8BC9CEB8-8B4A-11D0-8D11-00A0C91BC942}") = "Lab8_2", "Lab8_2\Lab8_2.vcxproj", "{818F1596-3940-4FF0-A9D4-4BAF3FC29DF8}"
EndProject
Project("{8BC9CEB8-8B4A-11D0-8D11-00A0C91BC942}") = "Lab9_1", "Lab9_1\Lab9_1.vcxproj", "{F8BE25A1-341F-4820-8EC3-0D9669619F0E}"
EndProject
Project("{8BC9CEB8-8B4A-11D0-8D11-00A0C91BC942}") = "Lab9_2", "Lab9_2\Lab9_2.vcxproj", "{ACF5942C-17A9-4318-A5A6-6690B9C0C5B9}"
EndProject
Project("{8BC9CEB8-8B4A-11D0-8D11-00A0C91BC942}") = "Lab10", "Lab10\Lab10.vcxproj", "{839BB97C-E7C4-4748-B686-612595474277}"
EndProject
Project("{8BC9CEB8-8B4A-11D0-8D11-00A0C91BC942}") = "Lab11_1", "Lab11_1\Lab11_1.vcxproj", "{E3E4C970-0828-4CBB-833A-BF063E44A673}"
EndProject
Project("{8BC9CEB8-8B4A-11D0-8D11-00A0C91BC942}") = "Lab11_2", "Lab11_2\Lab11_2.vcxproj", "{4BDCFE48-4992-474D-BC1A-36BB9B14F345}"
EndProject
Project("{8BC9CEB8-8B4A-11D0-8D11-00A0C91BC942}") = "Lab13", "Lab13\Lab13.vcxproj", "{07AF5227-50B9-464C-9DF9-2CF2BD243C1D}"
EndProject
Project("{8BC9CEB8-8B4A-11D0-8D11-00A0C91BC942}") = "Lab14", "Lab14\Lab14.vcxproj", "{5F1152E5-EA5D-45E7-9002-CB0F23C5346C}"
EndProject
Project("{8BC9CEB8-8B4A-11D0-8D11-00A0C91BC942}") = "Lab15", "Lab15\Lab15.vcxproj", "{849A07F1-0371-4621-9A7C-86EED50E1607}"
EndProject
Project("{8BC9CEB8-8B4A-11D0-8D11-00A0C91BC942}") = "Lab16", "Lab16\Lab16.vcxproj", "{BAAD8DE9-F223-49B4-93D7-734C54451341}"
EndProject
Project("{8BC9CEB8-8B4A-11D0-8D11-00A0C91BC942}") = "Lab17", "Lab17\Lab17.vcxproj", "{1DA77882-24CA-4D22-9367-19A336EAE361}"
EndProject
Project("{8BC9CEB8-8B4A-11D0-8D11-00A0C91BC942}") = "2Lab1", "2Lab1\2Lab1.vcxproj", "{1F469279-6F33-424F-A52A-0B223624400A}"
EndProject
Project("{8BC9CEB8-8B4A-11D0-8D11-00A0C91BC942}") = "2Lab7_1", "2Lab7_1\2Lab7_1.vcxproj", "{BAF8C941-EADA-4652-846E-2377C5366FE5}"
EndProject
Project("{8BC9CEB8-8B4A-11D0-8D11-00A0C91BC942}") = "2Lab7_2", "2Lab7_2\2Lab7_2.vcxproj", "{CE557AE0-72A6-4ADD-A273-25D0513EA8B9}"
EndProject
Project("{8BC9CEB8-8B4A-11D0-8D11-00A0C91BC942}") = "2Lab8", "2Lab8\2Lab8.vcxproj", "{99ECD3D6-37E8-4700-889E-D77A7CFE51D1}"
EndProject
Project("{8BC9CEB8-8B4A-11D0-8D11-00A0C91BC942}") = "2Lab9", "2Lab9\2Lab9.vcxproj", "{F2618623-1579-4E87-A4DD-52BE2528DD37}"
EndProject
Project("{8BC9CEB8-8B4A-11D0-8D11-00A0C91BC942}") = "2Lab10", "2Lab10\2Lab10.vcxproj", "{81E5EBAA-0DF2-4B81-BCDF-9C4A876E2854}"
EndProject
Project("{8BC9CEB8-8B4A-11D0-8D11-00A0C91BC942}") = "2Lab11", "2Lab11\2Lab11.vcxproj", "{0EB5C01F-BE31-46FD-BF36-589E5AA15199}"
EndProject
Project("{8BC9CEB8-8B4A-11D0-8D11-00A0C91BC942}") = "2Lab13", "2Lab13\2Lab13.vcxproj", "{E88C85EB-13D7-4BD6-B961-CBD209186780}"
EndProject
Project("{8BC9CEB8-8B4A-11D0-8D11-00A0C91BC942}") = "2Lab14", "2Lab14\2Lab14.vcxproj", "{3DFA54FC-02A1-48EF-BCBD-914344127413}"
EndProject
Project("{8BC9CEB8-8B4A-11D0-8D11-00A0C91BC942}") = "2Lab15", "2Lab15\2Lab15.vcxproj", "{2FC7C8D0-EE34-4393-9CF6-5E9B8727A4D7}"
EndProject
Global
	GlobalSection(SolutionConfigurationPlatforms) = preSolution
		Debug|x64 = Debug|x64
		Debug|x86 = Debug|x86
		Release|x64 = Release|x64
		Release|x86 = Release|x86
	EndGlobalSection
	GlobalSection(ProjectConfigurationPlatforms) = postSolution
		{F4813B87-685C-4D39-9881-F90E01601E4E}.Debug|x64.ActiveCfg = Debug|x64
		{F4813B87-685C-4D39-9881-F90E01601E4E}.Debug|x64.Build.0 = Debug|x64
		{F4813B87-685C-4D39-9881-F90E01601E4E}.Debug|x86.ActiveCfg = Debug|Win32
		{F4813B87-685C-4D39-9881-F90E01601E4E}.Debug|x86.Build.0 = Debug|Win32
		{F4813B87-685C-4D39-9881-F90E01601E4E}.Release|x64.ActiveCfg = Release|x64
		{F4813B87-685C-4D39-9881-F90E01601E4E}.Release|x64.Build.0 = Release|x64
		{F4813B87-685C-4D39-9881-F90E01601E4E}.Release|x86.ActiveCfg = Release|Win32
		{F4813B87-685C-4D39-9881-F90E01601E4E}.Release|x86.Build.0 = Release|Win32
		{78D84F14-355B-4BB4-91BA-818DAD9FF9F6}.Debug|x64.ActiveCfg = Debug|x64
		{78D84F14-355B-4BB4-91BA-818DAD9FF9F6}.Debug|x64.Build.0 = Debug|x64
		{78D84F14-355B-4BB4-91BA-818DAD9FF9F6}.Debug|x86.ActiveCfg = Debug|Win32
		{78D84F14-355B-4BB4-91BA-818DAD9FF9F6}.Debug|x86.Build.0 = Debug|Win32
		{78D84F14-355B-4BB4-91BA-818DAD9FF9F6}.Release|x64.ActiveCfg = Release|x64
		{78D84F14-355B-4BB4-91BA-818DAD9FF9F6}.Release|x64.Build.0 = Release|x64
		{78D84F14-355B-4BB4-91BA-818DAD9FF9F6}.Release|x86.ActiveCfg = Release|Win32
		{78D84F14-355B-4BB4-91BA-818DAD9FF9F6}.Release|x86.Build.0 = Release|Win32
		{C1CF2D3C-2379-4184-94EE-DBB013402524}.Debug|x64.ActiveCfg = Debug|x64
		{C1CF2D3C-2379-4184-94EE-DBB013402524}.Debug|x64.Build.0 = Debug|x64
		{C1CF2D3C-2379-4184-94EE-DBB013402524}.Debug|x86.ActiveCfg = Debug|Win32
		{C1CF2D3C-2379-4184-94EE-DBB013402524}.Debug|x86.Build.0 = Debug|Win32
		{C1CF2D3C-2379-4184-94EE-DBB013402524}.Release|x64.ActiveCfg = Release|x64
		{C1CF2D3C-2379-4184-94EE-DBB013402524}.Release|x64.Build.0 = Release|x64
		{C1CF2D3C-2379-4184-94EE-DBB013402524}.Release|x86.ActiveCfg = Release|Win32
		{C1CF2D3C-2379-4184-94EE-DBB013402524}.Release|x86.Build.0 = Release|Win32
		{C87112E9-6764-44F8-AEA2-29EA99C62D5E}.Debug|x64.ActiveCfg = Debug|x64
		{C87112E9-6764-44F8-AEA2-29EA99C62D5E}.Debug|x64.Build.0 = Debug|x64
		{C87112E9-6764-44F8-AEA2-29EA99C62D5E}.Debug|x86.ActiveCfg = Debug|Win32
		{C87112E9-6764-44F8-AEA2-29EA99C62D5E}.Debug|x86.Build.0 = Debug|Win32
		{C87112E9-6764-44F8-AEA2-29EA99C62D5E}.Release|x64.ActiveCfg = Release|x64
		{C87112E9-6764-44F8-AEA2-29EA99C62D5E}.Release|x64.Build.0 = Release|x64
		{C87112E9-6764-44F8-AEA2-29EA99C62D5E}.Release|x86.ActiveCfg = Release|Win32
		{C87112E9-6764-44F8-AEA2-29EA99C62D5E}.Release|x86.Build.0 = Release|Win32
		{E4457F49-35F7-4455-A80E-3FDD37453471}.Debug|x64.ActiveCfg = Debug|x64
		{E4457F49-35F7-4455-A80E-3FDD37453471}.Debug|x64.Build.0 = Debug|x64
		{E4457F49-35F7-4455-A80E-3FDD37453471}.Debug|x86.ActiveCfg = Debug|Win32
		{E4457F49-35F7-4455-A80E-3FDD37453471}.Debug|x86.Build.0 = Debug|Win32
		{E4457F49-35F7-4455-A80E-3FDD37453471}.Release|x64.ActiveCfg = Release|x64
		{E4457F49-35F7-4455-A80E-3FDD37453471}.Release|x64.Build.0 = Release|x64
		{E4457F49-35F7-4455-A80E-3FDD37453471}.Release|x86.ActiveCfg = Release|Win32
		{E4457F49-35F7-4455-A80E-3FDD37453471}.Release|x86.Build.0 = Release|Win32
		{C43F47F0-06E6-45E2-97F5-126939B5E8D3}.Debug|x64.ActiveCfg = Debug|x64
		{C43F47F0-06E6-45E2-97F5-126939B5E8D3}.Debug|x64.Build.0 = Debug|x64
		{C43F47F0-06E6-45E2-97F5-126939B5E8D3}.Debug|x86.ActiveCfg = Debug|Win32
		{C43F47F0-06E6-45E2-97F5-126939B5E8D3}.Debug|x86.Build.0 = Debug|Win32
		{C43F47F0-06E6-45E2-97F5-126939B5E8D3}.Release|x64.ActiveCfg = Release|x64
		{C43F47F0-06E6-45E2-97F5-126939B5E8D3}.Release|x64.Build.0 = Release|x64
		{C43F47F0-06E6-45E2-97F5-126939B5E8D3}.Release|x86.ActiveCfg = Release|Win32
		{C43F47F0-06E6-45E2-97F5-126939B5E8D3}.Release|x86.Build.0 = Release|Win32
		{9E152926-BF8A-4E93-9F3D-5A68395F4682}.Debug|x64.ActiveCfg = Debug|x64
		{9E152926-BF8A-4E93-9F3D-5A68395F4682}.Debug|x64.Build.0 = Debug|x64
		{9E152926-BF8A-4E93-9F3D-5A68395F4682}.Debug|x86.ActiveCfg = Debug|Win32
		{9E152926-BF8A-4E93-9F3D-5A68395F4682}.Debug|x86.Build.0 = Debug|Win32
		{9E152926-BF8A-4E93-9F3D-5A68395F4682}.Release|x64.ActiveCfg = Release|x64
		{9E152926-BF8A-4E93-9F3D-5A68395F4682}.Release|x64.Build.0 = Release|x64
		{9E152926-BF8A-4E93-9F3D-5A68395F4682}.Release|x86.ActiveCfg = Release|Win32
		{9E152926-BF8A-4E93-9F3D-5A68395F4682}.Release|x86.Build.0 = Release|Win32
		{C54BE3BA-C35E-45A2-96E4-12BEC71337A4}.Debug|x64.ActiveCfg = Debug|x64
		{C54BE3BA-C35E-45A2-96E4-12BEC71337A4}.Debug|x64.Build.0 = Debug|x64
		{C54BE3BA-C35E-45A2-96E4-12BEC71337A4}.Debug|x86.ActiveCfg = Debug|Win32
		{C54BE3BA-C35E-45A2-96E4-12BEC71337A4}.Debug|x86.Build.0 = Debug|Win32
		{C54BE3BA-C35E-45A2-96E4-12BEC71337A4}.Release|x64.ActiveCfg = Release|x64
		{C54BE3BA-C35E-45A2-96E4-12BEC71337A4}.Release|x64.Build.0 = Release|x64
		{C54BE3BA-C35E-45A2-96E4-12BEC71337A4}.Release|x86.ActiveCfg = Release|Win32
		{C54BE3BA-C35E-45A2-96E4-12BEC71337A4}.Release|x86.Build.0 = Release|Win32
		{673272CB-EF38-41B9-9607-430C876C51ED}.Debug|x64.ActiveCfg = Debug|x64
		{673272CB-EF38-41B9-9607-430C876C51ED}.Debug|x64.Build.0 = Debug|x64
		{673272CB-EF38-41B9-9607-430C876C51ED}.Debug|x86.ActiveCfg = Debug|Win32
		{673272CB-EF38-41B9-9607-430C876C51ED}.Debug|x86.Build.0 = Debug|Win32
		{673272CB-EF38-41B9-9607-430C876C51ED}.Release|x64.ActiveCfg = Release|x64
		{673272CB-EF38-41B9-9607-430C876C51ED}.Release|x64.Build.0 = Release|x64
		{673272CB-EF38-41B9-9607-430C876C51ED}.Release|x86.ActiveCfg = Release|Win32
		{673272CB-EF38-41B9-9607-430C876C51ED}.Release|x86.Build.0 = Release|Win32
		{6D9874A2-ABE4-4181-A004-1730667C59EF}.Debug|x64.ActiveCfg = Debug|x64
		{6D9874A2-ABE4-4181-A004-1730667C59EF}.Debug|x64.Build.0 = Debug|x64
		{6D9874A2-ABE4-4181-A004-1730667C59EF}.Debug|x86.ActiveCfg = Debug|Win32
		{6D9874A2-ABE4-4181-A004-1730667C59EF}.Debug|x86.Build.0 = Debug|Win32
		{6D9874A2-ABE4-4181-A004-1730667C59EF}.Release|x64.ActiveCfg = Release|x64
		{6D9874A2-ABE4-4181-A004-1730667C59EF}.Release|x64.Build.0 = Release|x64
		{6D9874A2-ABE4-4181-A004-1730667C59EF}.Release|x86.ActiveCfg = Release|Win32
		{6D9874A2-ABE4-4181-A004-1730667C59EF}.Release|x86.Build.0 = Release|Win32
		{30BAD898-BDA8-4FCF-B07E-C3B1314F8307}.Debug|x64.ActiveCfg = Debug|x64
		{30BAD898-BDA8-4FCF-B07E-C3B1314F8307}.Debug|x64.Build.0 = Debug|x64
		{30BAD898-BDA8-4FCF-B07E-C3B1314F8307}.Debug|x86.ActiveCfg = Debug|Win32
		{30BAD898-BDA8-4FCF-B07E-C3B1314F8307}.Debug|x86.Build.0 = Debug|Win32
		{30BAD898-BDA8-4FCF-B07E-C3B1314F8307}.Release|x64.ActiveCfg = Release|x64
		{30BAD898-BDA8-4FCF-B07E-C3B1314F8307}.Release|x64.Build.0 = Release|x64
		{30BAD898-BDA8-4FCF-B07E-C3B1314F8307}.Release|x86.ActiveCfg = Release|Win32
		{30BAD898-BDA8-4FCF-B07E-C3B1314F8307}.Release|x86.Build.0 = Release|Win32
		{5B1274D9-F3A6-47D1-82CC-419A55797B26}.Debug|x64.ActiveCfg = Debug|x64
		{5B1274D9-F3A6-47D1-82CC-419A55797B26}.Debug|x64.Build.0 = Debug|x64
		{5B1274D9-F3A6-47D1-82CC-419A55797B26}.Debug|x86.ActiveCfg = Debug|Win32
		{5B1274D9-F3A6-47D1-82CC-419A55797B26}.Debug|x86.Build.0 = Debug|Win32
		{5B1274D9-F3A6-47D1-82CC-419A55797B26}.Release|x64.ActiveCfg = Release|x64
		{5B1274D9-F3A6-47D1-82CC-419A55797B26}.Release|x64.Build.0 = Release|x64
		{5B1274D9-F3A6-47D1-82CC-419A55797B26}.Release|x86.ActiveCfg = Release|Win32
		{5B1274D9-F3A6-47D1-82CC-419A55797B26}.Release|x86.Build.0 = Release|Win32
		{818F1596-3940-4FF0-A9D4-4BAF3FC29DF8}.Debug|x64.ActiveCfg = Debug|x64
		{818F1596-3940-4FF0-A9D4-4BAF3FC29DF8}.Debug|x64.Build.0 = Debug|x64
		{818F1596-3940-4FF0-A9D4-4BAF3FC29DF8}.Debug|x86.ActiveCfg = Debug|Win32
		{818F1596-3940-4FF0-A9D4-4BAF3FC29DF8}.Debug|x86.Build.0 = Debug|Win32
		{818F1596-3940-4FF0-A9D4-4BAF3FC29DF8}.Release|x64.ActiveCfg = Release|x64
		{818F1596-3940-4FF0-A9D4-4BAF3FC29DF8}.Release|x64.Build.0 = Release|x64
		{818F1596-3940-4FF0-A9D4-4BAF3FC29DF8}.Release|x86.ActiveCfg = Release|Win32
		{818F1596-3940-4FF0-A9D4-4BAF3FC29DF8}.Release|x86.Build.0 = Release|Win32
		{F8BE25A1-341F-4820-8EC3-0D9669619F0E}.Debug|x64.ActiveCfg = Debug|x64
		{F8BE25A1-341F-4820-8EC3-0D9669619F0E}.Debug|x64.Build.0 = Debug|x64
		{F8BE25A1-341F-4820-8EC3-0D9669619F0E}.Debug|x86.ActiveCfg = Debug|Win32
		{F8BE25A1-341F-4820-8EC3-0D9669619F0E}.Debug|x86.Build.0 = Debug|Win32
		{F8BE25A1-341F-4820-8EC3-0D9669619F0E}.Release|x64.ActiveCfg = Release|x64
		{F8BE25A1-341F-4820-8EC3-0D9669619F0E}.Release|x64.Build.0 = Release|x64
		{F8BE25A1-341F-4820-8EC3-0D9669619F0E}.Release|x86.ActiveCfg = Release|Win32
		{F8BE25A1-341F-4820-8EC3-0D9669619F0E}.Release|x86.Build.0 = Release|Win32
		{ACF5942C-17A9-4318-A5A6-6690B9C0C5B9}.Debug|x64.ActiveCfg = Debug|x64
		{ACF5942C-17A9-4318-A5A6-6690B9C0C5B9}.Debug|x64.Build.0 = Debug|x64
		{ACF5942C-17A9-4318-A5A6-6690B9C0C5B9}.Debug|x86.ActiveCfg = Debug|Win32
		{ACF5942C-17A9-4318-A5A6-6690B9C0C5B9}.Debug|x86.Build.0 = Debug|Win32
		{ACF5942C-17A9-4318-A5A6-6690B9C0C5B9}.Release|x64.ActiveCfg = Release|x64
		{ACF5942C-17A9-4318-A5A6-6690B9C0C5B9}.Release|x64.Build.0 = Release|x64
		{ACF5942C-17A9-4318-A5A6-6690B9C0C5B9}.Release|x86.ActiveCfg = Release|Win32
		{ACF5942C-17A9-4318-A5A6-6690B9C0C5B9}.Release|x86.Build.0 = Release|Win32
		{839BB97C-E7C4-4748-B686-612595474277}.Debug|x64.ActiveCfg = Debug|x64
		{839BB97C-E7C4-4748-B686-612595474277}.Debug|x64.Build.0 = Debug|x64
		{839BB97C-E7C4-4748-B686-612595474277}.Debug|x86.ActiveCfg = Debug|Win32
		{839BB97C-E7C4-4748-B686-612595474277}.Debug|x86.Build.0 = Debug|Win32
		{839BB97C-E7C4-4748-B686-612595474277}.Release|x64.ActiveCfg = Release|x64
		{839BB97C-E7C4-4748-B686-612595474277}.Release|x64.Build.0 = Release|x64
		{839BB97C-E7C4-4748-B686-612595474277}.Release|x86.ActiveCfg = Release|Win32
		{839BB97C-E7C4-4748-B686-612595474277}.Release|x86.Build.0 = Release|Win32
		{E3E4C970-0828-4CBB-833A-BF063E44A673}.Debug|x64.ActiveCfg = Debug|x64
		{E3E4C970-0828-4CBB-833A-BF063E44A673}.Debug|x64.Build.0 = Debug|x64
		{E3E4C970-0828-4CBB-833A-BF063E44A673}.Debug|x86.ActiveCfg = Debug|Win32
		{E3E4C970-0828-4CBB-833A-BF063E44A673}.Debug|x86.Build.0 = Debug|Win32
		{E3E4C970-0828-4CBB-833A-BF063E44A673}.Release|x64.ActiveCfg = Release|x64
		{E3E4C970-0828-4CBB-833A-BF063E44A673}.Release|x64.Build.0 = Release|x64
		{E3E4C970-0828-4CBB-833A-BF063E44A673}.Release|x86.ActiveCfg = Release|Win32
		{E3E4C970-0828-4CBB-833A-BF063E44A673}.Release|x86.Build.0 = Release|Win32
		{4BDCFE48-4992-474D-BC1A-36BB9B14F345}.Debug|x64.ActiveCfg = Debug|x64
		{4BDCFE48-4992-474D-BC1A-36BB9B14F345}.Debug|x64.Build.0 = Debug|x64
		{4BDCFE48-4992-474D-BC1A-36BB9B14F345}.Debug|x86.ActiveCfg = Debug|Win32
		{4BDCFE48-4992-474D-BC1A-36BB9B14F345}.Debug|x86.Build.0 = Debug|Win32
		{4BDCFE48-4992-474D-BC1A-36BB9B14F345}.Release|x64.ActiveCfg = Release|x64
		{4BDCFE48-4992-474D-BC1A-36BB9B14F345}.Release|x64.Build.0 = Release|x64
		{4BDCFE48-4992-474D-BC1A-36BB9B14F345}.Release|x86.ActiveCfg = Release|Win32
		{4BDCFE48-4992-474D-BC1A-36BB9B14F345}.Release|x86.Build.0 = Release|Win32
		{07AF5227-50B9-464C-9DF9-2CF2BD243C1D}.Debug|x64.ActiveCfg = Debug|x64
		{07AF5227-50B9-464C-9DF9-2CF2BD243C1D}.Debug|x64.Build.0 = Debug|x64
		{07AF5227-50B9-464C-9DF9-2CF2BD243C1D}.Debug|x86.ActiveCfg = Debug|Win32
		{07AF5227-50B9-464C-9DF9-2CF2BD243C1D}.Debug|x86.Build.0 = Debug|Win32
		{07AF5227-50B9-464C-9DF9-2CF2BD243C1D}.Release|x64.ActiveCfg = Release|x64
		{07AF5227-50B9-464C-9DF9-2CF2BD243C1D}.Release|x64.Build.0 = Release|x64
		{07AF5227-50B9-464C-9DF9-2CF2BD243C1D}.Release|x86.ActiveCfg = Release|Win32
		{07AF5227-50B9-464C-9DF9-2CF2BD243C1D}.Release|x86.Build.0 = Release|Win32
		{5F1152E5-EA5D-45E7-9002-CB0F23C5346C}.Debug|x64.ActiveCfg = Debug|x64
		{5F1152E5-EA5D-45E7-9002-CB0F23C5346C}.Debug|x64.Build.0 = Debug|x64
		{5F1152E5-EA5D-45E7-9002-CB0F23C5346C}.Debug|x86.ActiveCfg = Debug|Win32
		{5F1152E5-EA5D-45E7-9002-CB0F23C5346C}.Debug|x86.Build.0 = Debug|Win32
		{5F1152E5-EA5D-45E7-9002-CB0F23C5346C}.Release|x64.ActiveCfg = Release|x64
		{5F1152E5-EA5D-45E7-9002-CB0F23C5346C}.Release|x64.Build.0 = Release|x64
		{5F1152E5-EA5D-45E7-9002-CB0F23C5346C}.Release|x86.ActiveCfg = Release|Win32
		{5F1152E5-EA5D-45E7-9002-CB0F23C5346C}.Release|x86.Build.0 = Release|Win32
		{849A07F1-0371-4621-9A7C-86EED50E1607}.Debug|x64.ActiveCfg = Debug|x64
		{849A07F1-0371-4621-9A7C-86EED50E1607}.Debug|x64.Build.0 = Debug|x64
		{849A07F1-0371-4621-9A7C-86EED50E1607}.Debug|x86.ActiveCfg = Debug|Win32
		{849A07F1-0371-4621-9A7C-86EED50E1607}.Debug|x86.Build.0 = Debug|Win32
		{849A07F1-0371-4621-9A7C-86EED50E1607}.Release|x64.ActiveCfg = Release|x64
		{849A07F1-0371-4621-9A7C-86EED50E1607}.Release|x64.Build.0 = Release|x64
		{849A07F1-0371-4621-9A7C-86EED50E1607}.Release|x86.ActiveCfg = Release|Win32
		{849A07F1-0371-4621-9A7C-86EED50E1607}.Release|x86.Build.0 = Release|Win32
		{BAAD8DE9-F223-49B4-93D7-734C54451341}.Debug|x64.ActiveCfg = Debug|x64
		{BAAD8DE9-F223-49B4-93D7-734C54451341}.Debug|x64.Build.0 = Debug|x64
		{BAAD8DE9-F223-49B4-93D7-734C54451341}.Debug|x86.ActiveCfg = Debug|Win32
		{BAAD8DE9-F223-49B4-93D7-734C54451341}.Debug|x86.Build.0 = Debug|Win32
		{BAAD8DE9-F223-49B4-93D7-734C54451341}.Release|x64.ActiveCfg = Release|x64
		{BAAD8DE9-F223-49B4-93D7-734C54451341}.Release|x64.Build.0 = Release|x64
		{BAAD8DE9-F223-49B4-93D7-734C54451341}.Release|x86.ActiveCfg = Release|Win32
		{BAAD8DE9-F223-49B4-93D7-734C54451341}.Release|x86.Build.0 = Release|Win32
		{1DA77882-24CA-4D22-9367-19A336EAE361}.Debug|x64.ActiveCfg = Debug|x64
		{1DA77882-24CA-4D22-9367-19A336EAE361}.Debug|x64.Build.0 = Debug|x64
		{1DA77882-24CA-4D22-9367-19A336EAE361}.Debug|x86.ActiveCfg = Debug|Win32
		{1DA77882-24CA-4D22-9367-19A336EAE361}.Debug|x86.Build.0 = Debug|Win32
		{1DA77882-24CA-4D22-9367-19A336EAE361}.Release|x64.ActiveCfg = Release|x64
		{1DA77882-24CA-4D22-9367-19A336EAE361}.Release|x64.Build.0 = Release|x64
		{1DA77882-24CA-4D22-9367-19A336EAE361}.Release|x86.ActiveCfg = Release|Win32
		{1DA77882-24CA-4D22-9367-19A336EAE361}.Release|x86.Build.0 = Release|Win32
		{1F469279-6F33-424F-A52A-0B223624400A}.Debug|x64.ActiveCfg = Debug|x64
		{1F469279-6F33-424F-A52A-0B223624400A}.Debug|x64.Build.0 = Debug|x64
		{1F469279-6F33-424F-A52A-0B223624400A}.Debug|x86.ActiveCfg = Debug|Win32
		{1F469279-6F33-424F-A52A-0B223624400A}.Debug|x86.Build.0 = Debug|Win32
		{1F469279-6F33-424F-A52A-0B223624400A}.Release|x64.ActiveCfg = Release|x64
		{1F469279-6F33-424F-A52A-0B223624400A}.Release|x64.Build.0 = Release|x64
		{1F469279-6F33-424F-A52A-0B223624400A}.Release|x86.ActiveCfg = Release|Win32
		{1F469279-6F33-424F-A52A-0B223624400A}.Release|x86.Build.0 = Release|Win32
		{BAF8C941-EADA-4652-846E-2377C5366FE5}.Debug|x64.ActiveCfg = Debug|x64
		{BAF8C941-EADA-4652-846E-2377C5366FE5}.Debug|x64.Build.0 = Debug|x64
		{BAF8C941-EADA-4652-846E-2377C5366FE5}.Debug|x86.ActiveCfg = Debug|Win32
		{BAF8C941-EADA-4652-846E-2377C5366FE5}.Debug|x86.Build.0 = Debug|Win32
		{BAF8C941-EADA-4652-846E-2377C5366FE5}.Release|x64.ActiveCfg = Release|x64
		{BAF8C941-EADA-4652-846E-2377C5366FE5}.Release|x64.Build.0 = Release|x64
		{BAF8C941-EADA-4652-846E-2377C5366FE5}.Release|x86.ActiveCfg = Release|Win32
		{BAF8C941-EADA-4652-846E-2377C5366FE5}.Release|x86.Build.0 = Release|Win32
		{CE557AE0-72A6-4ADD-A273-25D0513EA8B9}.Debug|x64.ActiveCfg = Debug|x64
		{CE557AE0-72A6-4ADD-A273-25D0513EA8B9}.Debug|x64.Build.0 = Debug|x64
		{CE557AE0-72A6-4ADD-A273-25D0513EA8B9}.Debug|x86.ActiveCfg = Debug|Win32
		{CE557AE0-72A6-4ADD-A273-25D0513EA8B9}.Debug|x86.Build.0 = Debug|Win32
		{CE557AE0-72A6-4ADD-A273-25D0513EA8B9}.Release|x64.ActiveCfg = Release|x64
		{CE557AE0-72A6-4ADD-A273-25D0513EA8B9}.Release|x64.Build.0 = Release|x64
		{CE557AE0-72A6-4ADD-A273-25D0513EA8B9}.Release|x86.ActiveCfg = Release|Win32
		{CE557AE0-72A6-4ADD-A273-25D0513EA8B9}.Release|x86.Build.0 = Release|Win32
		{99ECD3D6-37E8-4700-889E-D77A7CFE51D1}.Debug|x64.ActiveCfg = Debug|x64
		{99ECD3D6-37E8-4700-889E-D77A7CFE51D1}.Debug|x64.Build.0 = Debug|x64
		{99ECD3D6-37E8-4700-889E-D77A7CFE51D1}.Debug|x86.ActiveCfg = Debug|Win32
		{99ECD3D6-37E8-4700-889E-D77A7CFE51D1}.Debug|x86.Build.0 = Debug|Win32
		{99ECD3D6-37E8-4700-889E-D77A7CFE51D1}.Release|x64.ActiveCfg = Release|x64
		{99ECD3D6-37E8-4700-889E-D77A7CFE51D1}.Release|x64.Build.0 = Release|x64
		{99ECD3D6-37E8-4700-889E-D77A7CFE51D1}.Release|x86.ActiveCfg = Release|Win32
		{99ECD3D6-37E8-4700-889E-D77A7CFE51D1}.Release|x86.Build.0 = Release|Win32
		{F2618623-1579-4E87-A4DD-52BE2528DD37}.Debug|x64.ActiveCfg = Debug|x64
		{F2618623-1579-4E87-A4DD-52BE2528DD37}.Debug|x64.Build.0 = Debug|x64
		{F2618623-1579-4E87-A4DD-52BE2528DD37}.Debug|x86.ActiveCfg = Debug|Win32
		{F2618623-1579-4E87-A4DD-52BE2528DD37}.Debug|x86.Build.0 = Debug|Win32
		{F2618623-1579-4E87-A4DD-52BE2528DD37}.Release|x64.ActiveCfg = Release|x64
		{F2618623-1579-4E87-A4DD-52BE2528DD37}.Release|x64.Build.0 = Release|x64
		{F2618623-1579-4E87-A4DD-52BE2528DD37}.Release|x86.ActiveCfg = Release|Win32
		{F2618623-1579-4E87-A4DD-52BE2528DD37}.Release|x86.Build.0 = Release|Win32
		{81E5EBAA-0DF2-4B81-BCDF-9C4A876E2854}.Debug|x64.ActiveCfg = Debug|x64
		{81E5EBAA-0DF2-4B81-BCDF-9C4A876E2854}.Debug|x64.Build.0 = Debug|x64
		{81E5EBAA-0DF2-4B81-BCDF-9C4A876E2854}.Debug|x86.ActiveCfg = Debug|Win32
		{81E5EBAA-0DF2-4B81-BCDF-9C4A876E2854}.Debug|x86.Build.0 = Debug|Win32
		{81E5EBAA-0DF2-4B81-BCDF-9C4A876E2854}.Release|x64.ActiveCfg = Release|x64
		{81E5EBAA-0DF2-4B81-BCDF-9C4A876E2854}.Release|x64.Build.0 = Release|x64
		{81E5EBAA-0DF2-4B81-BCDF-9C4A876E2854}.Release|x86.ActiveCfg = Release|Win32
		{81E5EBAA-0DF2-4B81-BCDF-9C4A876E2854}.Release|x86.Build.0 = Release|Win32
		{0EB5C01F-BE31-46FD-BF36-589E5AA15199}.Debug|x64.ActiveCfg = Debug|x64
		{0EB5C01F-BE31-46FD-BF36-589E5AA15199}.Debug|x64.Build.0 = Debug|x64
		{0EB5C01F-BE31-46FD-BF36-589E5AA15199}.Debug|x86.ActiveCfg = Debug|Win32
		{0EB5C01F-BE31-46FD-BF36-589E5AA15199}.Debug|x86.Build.0 = Debug|Win32
		{0EB5C01F-BE31-46FD-BF36-589E5AA15199}.Release|x64.ActiveCfg = Release|x64
		{0EB5C01F-BE31-46FD-BF36-589E5AA15199}.Release|x64.Build.0 = Release|x64
		{0EB5C01F-BE31-46FD-BF36-589E5AA15199}.Release|x86.ActiveCfg = Release|Win32
		{0EB5C01F-BE31-46FD-BF36-589E5AA15199}.Release|x86.Build.0 = Release|Win32
		{E88C85EB-13D7-4BD6-B961-CBD209186780}.Debug|x64.ActiveCfg = Debug|x64
		{E88C85EB-13D7-4BD6-B961-CBD209186780}.Debug|x64.Build.0 = Debug|x64
		{E88C85EB-13D7-4BD6-B961-CBD209186780}.Debug|x86.ActiveCfg = Debug|Win32
		{E88C85EB-13D7-4BD6-B961-CBD209186780}.Debug|x86.Build.0 = Debug|Win32
		{E88C85EB-13D7-4BD6-B961-CBD209186780}.Release|x64.ActiveCfg = Release|x64
		{E88C85EB-13D7-4BD6-B961-CBD209186780}.Release|x64.Build.0 = Release|x64
		{E88C85EB-13D7-4BD6-B961-CBD209186780}.Release|x86.ActiveCfg = Release|Win32
		{E88C85EB-13D7-4BD6-B961-CBD209186780}.Release|x86.Build.0 = Release|Win32
		{3DFA54FC-02A1-48EF-BCBD-914344127413}.Debug|x64.ActiveCfg = Debug|x64
		{3DFA54FC-02A1-48EF-BCBD-914344127413}.Debug|x64.Build.0 = Debug|x64
		{3DFA54FC-02A1-48EF-BCBD-914344127413}.Debug|x86.ActiveCfg = Debug|Win32
		{3DFA54FC-02A1-48EF-BCBD-914344127413}.Debug|x86.Build.0 = Debug|Win32
		{3DFA54FC-02A1-48EF-BCBD-914344127413}.Release|x64.ActiveCfg = Release|x64
		{3DFA54FC-02A1-48EF-BCBD-914344127413}.Release|x64.Build.0 = Release|x64
		{3DFA54FC-02A1-48EF-BCBD-914344127413}.Release|x86.ActiveCfg = Release|Win32
		{3DFA54FC-02A1-48EF-BCBD-914344127413}.Release|x86.Build.0 = Release|Win32
		{2FC7C8D0-EE34-4393-9CF6-5E9B8727A4D7}.Debug|x64.ActiveCfg = Debug|x64
		{2FC7C8D0-EE34-4393-9CF6-5E9B8727A4D7}.Debug|x64.Build.0 = Debug|x64
		{2FC7C8D0-EE34-4393-9CF6-5E9B8727A4D7}.Debug|x86.ActiveCfg = Debug|Win32
		{2FC7C8D0-EE34-4393-9CF6-5E9B8727A4D7}.Debug|x86.Build.0 = Debug|Win32
		{2FC7C8D0-EE34-4393-9CF6-5E9B8727A4D7}.Release|x64.ActiveCfg = Release|x64
		{2FC7C8D0-EE34-4393-9CF6-5E9B8727A4D7}.Release|x64.Build.0 = Release|x64
		{2FC7C8D0-EE34-4393-9CF6-5E9B8727A4D7}.Release|x86.ActiveCfg = Release|Win32
		{2FC7C8D0-EE34-4393-9CF6-5E9B8727A4D7}.Release|x86.Build.0 = Release|Win32
	EndGlobalSection
	GlobalSection(SolutionProperties) = preSolution
		HideSolutionNode = FALSE
	EndGlobalSection
	GlobalSection(ExtensibilityGlobals) = postSolution
		SolutionGuid = {C0FE74E5-96AF-4656-A88F-EF243AD19311}
	EndGlobalSection
EndGlobal
